PODS:
  - MBTextFieldWithInputValidator (0.7.0)

DEPENDENCIES:
  - MBTextFieldWithInputValidator (from `../`)

EXTERNAL SOURCES:
  MBTextFieldWithInputValidator:
    :path: ../

SPEC CHECKSUMS:
  MBTextFieldWithInputValidator: 691a7a09f21be464e6a2e344a7682fe533ced197

PODFILE CHECKSUM: 0f647bccf3147205d86657711a0dd50eb92b21c6

COCOAPODS: 1.1.0.beta.2
